
Microsoft Visual Studio Solution File, Format Version 12.00
# Visual Studio Version 16
VisualStudioVersion = 16.0.31424.327
MinimumVisualStudioVersion = 10.0.40219.1
Project("{FAE04EC0-301F-11D3-BF4B-00C04F79EFBC}") = "JsonCSharp", "JsonCSharp\JsonCSharp.csproj", "{8529E04F-098A-4303-BDC2-D48D446AD232}"
EndProject
Project("{FAE04EC0-301F-11D3-BF4B-00C04F79EFBC}") = "JSonCSharp.Tests", "JSonCSharp.Tests\JSonCSharp.Tests.csproj", "{732DC359-FA4F-420C-AA29-B5AA4D07F65F}"
EndProject
Global
	GlobalSection(SolutionConfigurationPlatforms) = preSolution
		Debug|Any CPU = Debug|Any CPU
		Release|Any CPU = Release|Any CPU
	EndGlobalSection
	GlobalSection(ProjectConfigurationPlatforms) = postSolution
		{8529E04F-098A-4303-BDC2-D48D446AD232}.Debug|Any CPU.ActiveCfg = Debug|Any CPU
		{8529E04F-098A-4303-BDC2-D48D446AD232}.Debug|Any CPU.Build.0 = Debug|Any CPU
		{8529E04F-098A-4303-BDC2-D48D446AD232}.Release|Any CPU.ActiveCfg = Release|Any CPU
		{8529E04F-098A-4303-BDC2-D48D446AD232}.Release|Any CPU.Build.0 = Release|Any CPU
		{732DC359-FA4F-420C-AA29-B5AA4D07F65F}.Debug|Any CPU.ActiveCfg = Debug|Any CPU
		{732DC359-FA4F-420C-AA29-B5AA4D07F65F}.Debug|Any CPU.Build.0 = Debug|Any CPU
		{732DC359-FA4F-420C-AA29-B5AA4D07F65F}.Release|Any CPU.ActiveCfg = Release|Any CPU
		{732DC359-FA4F-420C-AA29-B5AA4D07F65F}.Release|Any CPU.Build.0 = Release|Any CPU
	EndGlobalSection
	GlobalSection(SolutionProperties) = preSolution
		HideSolutionNode = FALSE
	EndGlobalSection
	GlobalSection(ExtensibilityGlobals) = postSolution
		SolutionGuid = {16FB3B38-5B78-420A-A885-2C5AE0F91769}
	EndGlobalSection
EndGlobal
